
Microsoft Visual Studio Solution File, Format Version 12.00
# Visual Studio 15
VisualStudioVersion = 15.0.28307.421
MinimumVisualStudioVersion = 10.0.40219.1
Project("{FAE04EC0-301F-11D3-BF4B-00C04F79EFBC}") = "EuroFinService", "EuroFinService\EuroFinService.csproj", "{1D8174E8-7048-45E9-B554-D42AEC374A3F}"
EndProject
Project("{FAE04EC0-301F-11D3-BF4B-00C04F79EFBC}") = "EuroFinService.Tests", "EuroFinService.Tests\EuroFinService.Tests.csproj", "{4600CCE9-7A4B-45AD-AE4B-D666006B4AFD}"
EndProject
Project("{9A19103F-16F7-4668-BE54-9A1E7A4F7556}") = "EuroFin.BusinessLayer", "EuroFin.BisunessLayer\EuroFin.BusinessLayer.csproj", "{F513D754-FB13-42F0-A3C6-07D10F7E6369}"
EndProject
Project("{9A19103F-16F7-4668-BE54-9A1E7A4F7556}") = "EuroFin.DataClasses", "EuroFin.DataClasses\EuroFin.DataClasses.csproj", "{79C09F2B-DE8D-421A-B557-D44DDF1CAB24}"
EndProject
Project("{FAE04EC0-301F-11D3-BF4B-00C04F79EFBC}") = "EuroFinService.Resolver", "..\..\..\..\..\..\Project\Pranay\EuroFinService\EuroFinService.Resolver\EuroFinService.Resolver.csproj", "{6EE36B70-A8EC-4370-8467-37C985E2802D}"
EndProject
Project("{FAE04EC0-301F-11D3-BF4B-00C04F79EFBC}") = "EuroFin.DataLayer", "EuroFin.DataLayer\EuroFin.DataLayer.csproj", "{1F00A062-8087-4D6B-8E26-78DD462996A2}"
EndProject
Global
	GlobalSection(SolutionConfigurationPlatforms) = preSolution
		Debug|Any CPU = Debug|Any CPU
		Release|Any CPU = Release|Any CPU
	EndGlobalSection
	GlobalSection(ProjectConfigurationPlatforms) = postSolution
		{1D8174E8-7048-45E9-B554-D42AEC374A3F}.Debug|Any CPU.ActiveCfg = Debug|Any CPU
		{1D8174E8-7048-45E9-B554-D42AEC374A3F}.Debug|Any CPU.Build.0 = Debug|Any CPU
		{1D8174E8-7048-45E9-B554-D42AEC374A3F}.Release|Any CPU.ActiveCfg = Release|Any CPU
		{1D8174E8-7048-45E9-B554-D42AEC374A3F}.Release|Any CPU.Build.0 = Release|Any CPU
		{4600CCE9-7A4B-45AD-AE4B-D666006B4AFD}.Debug|Any CPU.ActiveCfg = Debug|Any CPU
		{4600CCE9-7A4B-45AD-AE4B-D666006B4AFD}.Debug|Any CPU.Build.0 = Debug|Any CPU
		{4600CCE9-7A4B-45AD-AE4B-D666006B4AFD}.Release|Any CPU.ActiveCfg = Release|Any CPU
		{4600CCE9-7A4B-45AD-AE4B-D666006B4AFD}.Release|Any CPU.Build.0 = Release|Any CPU
		{F513D754-FB13-42F0-A3C6-07D10F7E6369}.Debug|Any CPU.ActiveCfg = Debug|Any CPU
		{F513D754-FB13-42F0-A3C6-07D10F7E6369}.Debug|Any CPU.Build.0 = Debug|Any CPU
		{F513D754-FB13-42F0-A3C6-07D10F7E6369}.Release|Any CPU.ActiveCfg = Release|Any CPU
		{F513D754-FB13-42F0-A3C6-07D10F7E6369}.Release|Any CPU.Build.0 = Release|Any CPU
		{79C09F2B-DE8D-421A-B557-D44DDF1CAB24}.Debug|Any CPU.ActiveCfg = Debug|Any CPU
		{79C09F2B-DE8D-421A-B557-D44DDF1CAB24}.Debug|Any CPU.Build.0 = Debug|Any CPU
		{79C09F2B-DE8D-421A-B557-D44DDF1CAB24}.Release|Any CPU.ActiveCfg = Release|Any CPU
		{79C09F2B-DE8D-421A-B557-D44DDF1CAB24}.Release|Any CPU.Build.0 = Release|Any CPU
		{6EE36B70-A8EC-4370-8467-37C985E2802D}.Debug|Any CPU.ActiveCfg = Debug|Any CPU
		{6EE36B70-A8EC-4370-8467-37C985E2802D}.Debug|Any CPU.Build.0 = Debug|Any CPU
		{6EE36B70-A8EC-4370-8467-37C985E2802D}.Release|Any CPU.ActiveCfg = Release|Any CPU
		{6EE36B70-A8EC-4370-8467-37C985E2802D}.Release|Any CPU.Build.0 = Release|Any CPU
		{1F00A062-8087-4D6B-8E26-78DD462996A2}.Debug|Any CPU.ActiveCfg = Debug|Any CPU
		{1F00A062-8087-4D6B-8E26-78DD462996A2}.Debug|Any CPU.Build.0 = Debug|Any CPU
		{1F00A062-8087-4D6B-8E26-78DD462996A2}.Release|Any CPU.ActiveCfg = Release|Any CPU
		{1F00A062-8087-4D6B-8E26-78DD462996A2}.Release|Any CPU.Build.0 = Release|Any CPU
	EndGlobalSection
	GlobalSection(SolutionProperties) = preSolution
		HideSolutionNode = FALSE
	EndGlobalSection
	GlobalSection(ExtensibilityGlobals) = postSolution
		SolutionGuid = {43550F57-93A9-4864-B7D8-B83373523781}
	EndGlobalSection
EndGlobal
